
Microsoft Visual Studio Solution File, Format Version 12.00
# Visual Studio Version 17
VisualStudioVersion = 17.6.33829.357
MinimumVisualStudioVersion = 10.0.40219.1
Project("{FAE04EC0-301F-11D3-BF4B-00C04F79EFBC}") = "DataGridView", "DataGridView\DataGridView.csproj", "{728C6D2C-1F20-4E32-839B-FFD20AA3B7E5}"
EndProject
Global
	GlobalSection(SolutionConfigurationPlatforms) = preSolution
		Debug|Any CPU = Debug|Any CPU
		Release|Any CPU = Release|Any CPU
	EndGlobalSection
	GlobalSection(ProjectConfigurationPlatforms) = postSolution
		{728C6D2C-1F20-4E32-839B-FFD20AA3B7E5}.Debug|Any CPU.ActiveCfg = Debug|Any CPU
		{728C6D2C-1F20-4E32-839B-FFD20AA3B7E5}.Debug|Any CPU.Build.0 = Debug|Any CPU
		{728C6D2C-1F20-4E32-839B-FFD20AA3B7E5}.Release|Any CPU.ActiveCfg = Release|Any CPU
		{728C6D2C-1F20-4E32-839B-FFD20AA3B7E5}.Release|Any CPU.Build.0 = Release|Any CPU
	EndGlobalSection
	GlobalSection(SolutionProperties) = preSolution
		HideSolutionNode = FALSE
	EndGlobalSection
	GlobalSection(ExtensibilityGlobals) = postSolution
		SolutionGuid = {75FC83D7-47FB-4BF5-87FD-81765472B6B6}
	EndGlobalSection
EndGlobal
